
Microsoft Visual Studio Solution File, Format Version 12.00
# Visual Studio Version 17
VisualStudioVersion = 17.7.34202.233
MinimumVisualStudioVersion = 10.0.40219.1
Project("{FAE04EC0-301F-11D3-BF4B-00C04F79EFBC}") = "Class 09", "Class 09\Class 09.csproj", "{58DD866B-8A59-45FC-99A3-264D645044E6}"
EndProject
Global
	GlobalSection(SolutionConfigurationPlatforms) = preSolution
		Debug|Any CPU = Debug|Any CPU
		Release|Any CPU = Release|Any CPU
	EndGlobalSection
	GlobalSection(ProjectConfigurationPlatforms) = postSolution
		{58DD866B-8A59-45FC-99A3-264D645044E6}.Debug|Any CPU.ActiveCfg = Debug|Any CPU
		{58DD866B-8A59-45FC-99A3-264D645044E6}.Debug|Any CPU.Build.0 = Debug|Any CPU
		{58DD866B-8A59-45FC-99A3-264D645044E6}.Release|Any CPU.ActiveCfg = Release|Any CPU
		{58DD866B-8A59-45FC-99A3-264D645044E6}.Release|Any CPU.Build.0 = Release|Any CPU
	EndGlobalSection
	GlobalSection(SolutionProperties) = preSolution
		HideSolutionNode = FALSE
	EndGlobalSection
	GlobalSection(ExtensibilityGlobals) = postSolution
		SolutionGuid = {1493E473-10C7-4A82-A294-57F9E305C8E4}
	EndGlobalSection
EndGlobal
