
Microsoft Visual Studio Solution File, Format Version 12.00
# Visual Studio Version 17
VisualStudioVersion = 17.7.34202.233
MinimumVisualStudioVersion = 10.0.40219.1
Project("{FAE04EC0-301F-11D3-BF4B-00C04F79EFBC}") = "Class 03", "Class 03\Class 03.csproj", "{FF8BDB4F-C515-4465-A6E2-2D6BAEF08D1A}"
EndProject
Global
	GlobalSection(SolutionConfigurationPlatforms) = preSolution
		Debug|Any CPU = Debug|Any CPU
		Release|Any CPU = Release|Any CPU
	EndGlobalSection
	GlobalSection(ProjectConfigurationPlatforms) = postSolution
		{FF8BDB4F-C515-4465-A6E2-2D6BAEF08D1A}.Debug|Any CPU.ActiveCfg = Debug|Any CPU
		{FF8BDB4F-C515-4465-A6E2-2D6BAEF08D1A}.Debug|Any CPU.Build.0 = Debug|Any CPU
		{FF8BDB4F-C515-4465-A6E2-2D6BAEF08D1A}.Release|Any CPU.ActiveCfg = Release|Any CPU
		{FF8BDB4F-C515-4465-A6E2-2D6BAEF08D1A}.Release|Any CPU.Build.0 = Release|Any CPU
	EndGlobalSection
	GlobalSection(SolutionProperties) = preSolution
		HideSolutionNode = FALSE
	EndGlobalSection
	GlobalSection(ExtensibilityGlobals) = postSolution
		SolutionGuid = {E7FC19DB-BA1F-40ED-B596-ED7D70045A2B}
	EndGlobalSection
EndGlobal
