
Microsoft Visual Studio Solution File, Format Version 12.00
# Visual Studio Version 17
VisualStudioVersion = 17.7.34202.233
MinimumVisualStudioVersion = 10.0.40219.1
Project("{FAE04EC0-301F-11D3-BF4B-00C04F79EFBC}") = "Class 10 (1)", "Class 10 (1)\Class 10 (1).csproj", "{AEF659EC-D04A-460B-844B-D8C70265EC73}"
EndProject
Global
	GlobalSection(SolutionConfigurationPlatforms) = preSolution
		Debug|Any CPU = Debug|Any CPU
		Release|Any CPU = Release|Any CPU
	EndGlobalSection
	GlobalSection(ProjectConfigurationPlatforms) = postSolution
		{AEF659EC-D04A-460B-844B-D8C70265EC73}.Debug|Any CPU.ActiveCfg = Debug|Any CPU
		{AEF659EC-D04A-460B-844B-D8C70265EC73}.Debug|Any CPU.Build.0 = Debug|Any CPU
		{AEF659EC-D04A-460B-844B-D8C70265EC73}.Release|Any CPU.ActiveCfg = Release|Any CPU
		{AEF659EC-D04A-460B-844B-D8C70265EC73}.Release|Any CPU.Build.0 = Release|Any CPU
	EndGlobalSection
	GlobalSection(SolutionProperties) = preSolution
		HideSolutionNode = FALSE
	EndGlobalSection
	GlobalSection(ExtensibilityGlobals) = postSolution
		SolutionGuid = {3B519D98-93F6-4705-9320-C22122E69B72}
	EndGlobalSection
EndGlobal
